
Microsoft Visual Studio Solution File, Format Version 12.00
# Visual Studio 15
Project("{FAE04EC0-301F-11D3-BF4B-00C04F79EFBC}") = "Furdetran", "Assembly-CSharp.csproj", "{6A7888B7-0FE2-F06A-943F-558158A7BD21}"
EndProject
Project("{FAE04EC0-301F-11D3-BF4B-00C04F79EFBC}") = "Furdetran", "Assembly-CSharp-firstpass.csproj", "{BF05C416-BA2B-835C-710D-E8F03972827E}"
EndProject
Project("{FAE04EC0-301F-11D3-BF4B-00C04F79EFBC}") = "Furdetran", "Assembly-CSharp-Editor-firstpass.csproj", "{9CB7BD24-8F42-630A-3B68-F82C4C81BD16}"
EndProject
Global
	GlobalSection(SolutionConfigurationPlatforms) = preSolution
		Debug|Any CPU = Debug|Any CPU
		Release|Any CPU = Release|Any CPU
	EndGlobalSection
	GlobalSection(ProjectConfigurationPlatforms) = postSolution
		{6A7888B7-0FE2-F06A-943F-558158A7BD21}.Debug|Any CPU.ActiveCfg = Debug|Any CPU
		{6A7888B7-0FE2-F06A-943F-558158A7BD21}.Debug|Any CPU.Build.0 = Debug|Any CPU
		{6A7888B7-0FE2-F06A-943F-558158A7BD21}.Release|Any CPU.ActiveCfg = Release|Any CPU
		{6A7888B7-0FE2-F06A-943F-558158A7BD21}.Release|Any CPU.Build.0 = Release|Any CPU
		{BF05C416-BA2B-835C-710D-E8F03972827E}.Debug|Any CPU.ActiveCfg = Debug|Any CPU
		{BF05C416-BA2B-835C-710D-E8F03972827E}.Debug|Any CPU.Build.0 = Debug|Any CPU
		{BF05C416-BA2B-835C-710D-E8F03972827E}.Release|Any CPU.ActiveCfg = Release|Any CPU
		{BF05C416-BA2B-835C-710D-E8F03972827E}.Release|Any CPU.Build.0 = Release|Any CPU
		{9CB7BD24-8F42-630A-3B68-F82C4C81BD16}.Debug|Any CPU.ActiveCfg = Debug|Any CPU
		{9CB7BD24-8F42-630A-3B68-F82C4C81BD16}.Debug|Any CPU.Build.0 = Debug|Any CPU
		{9CB7BD24-8F42-630A-3B68-F82C4C81BD16}.Release|Any CPU.ActiveCfg = Release|Any CPU
		{9CB7BD24-8F42-630A-3B68-F82C4C81BD16}.Release|Any CPU.Build.0 = Release|Any CPU
	EndGlobalSection
	GlobalSection(SolutionProperties) = preSolution
		HideSolutionNode = FALSE
	EndGlobalSection
EndGlobal
